
Microsoft Visual Studio Solution File, Format Version 12.00
Project("{FAE04EC0-301F-11D3-BF4B-00C04F79EFBC}") = "EventLogGenerator", "EventLogGenerator\EventLogGenerator.csproj", "{25CEDCCA-E101-4154-8D9A-ECBE90E68282}"
EndProject
Project("{FAE04EC0-301F-11D3-BF4B-00C04F79EFBC}") = "UnitTests", "UnitTests\UnitTests.csproj", "{E5EDA9BC-D341-4EA4-9677-3072DAD96835}"
EndProject
Global
	GlobalSection(SolutionConfigurationPlatforms) = preSolution
		Debug|Any CPU = Debug|Any CPU
		Release|Any CPU = Release|Any CPU
	EndGlobalSection
	GlobalSection(ProjectConfigurationPlatforms) = postSolution
		{25CEDCCA-E101-4154-8D9A-ECBE90E68282}.Debug|Any CPU.ActiveCfg = Debug|Any CPU
		{25CEDCCA-E101-4154-8D9A-ECBE90E68282}.Debug|Any CPU.Build.0 = Debug|Any CPU
		{25CEDCCA-E101-4154-8D9A-ECBE90E68282}.Release|Any CPU.ActiveCfg = Release|Any CPU
		{25CEDCCA-E101-4154-8D9A-ECBE90E68282}.Release|Any CPU.Build.0 = Release|Any CPU
		{E5EDA9BC-D341-4EA4-9677-3072DAD96835}.Debug|Any CPU.ActiveCfg = Debug|Any CPU
		{E5EDA9BC-D341-4EA4-9677-3072DAD96835}.Debug|Any CPU.Build.0 = Debug|Any CPU
		{E5EDA9BC-D341-4EA4-9677-3072DAD96835}.Release|Any CPU.ActiveCfg = Release|Any CPU
		{E5EDA9BC-D341-4EA4-9677-3072DAD96835}.Release|Any CPU.Build.0 = Release|Any CPU
	EndGlobalSection
EndGlobal
